
Microsoft Visual Studio Solution File, Format Version 12.00
# Visual Studio Version 16
VisualStudioVersion = 16.0.28315.86
MinimumVisualStudioVersion = 10.0.40219.1
Project("{2150E333-8FDC-42A3-9474-1A3956D46DE8}") = "Engine", "Engine", "{94A6C6F3-99B3-346E-9557-ABF9D4064DBD}"
EndProject
Project("{2150E333-8FDC-42A3-9474-1A3956D46DE8}") = "Games", "Games", "{8E2F6A87-1826-34F4-940C-CC23A48F9FE4}"
EndProject
Project("{8BC9CEB8-8B4A-11D0-8D11-00A0C91BC942}") = "UE4", "Intermediate\ProjectFiles\UE4.vcxproj", "{BDB5ECB9-3D03-4121-BF44-07B86E6223B8}"
EndProject
Project("{8BC9CEB8-8B4A-11D0-8D11-00A0C91BC942}") = "JenkinsTPS", "Intermediate\ProjectFiles\JenkinsTPS.vcxproj", "{37335CC9-BE1A-48A7-80E4-B83F10C8F962}"
EndProject
Project("{2150E333-8FDC-42A3-9474-1A3956D46DE8}") = "Visualizers", "Visualizers", "{1CCEC849-CC72-4C59-8C36-2F7C38706D4C}"
	ProjectSection(SolutionItems) = preProject
		..\UE_4.27_InstalledBuild\Windows\Engine\Extras\VisualStudioDebugging\UE4.natvis = ..\UE_4.27_InstalledBuild\Windows\Engine\Extras\VisualStudioDebugging\UE4.natvis
	EndProjectSection
EndProject
Global
	GlobalSection(SolutionConfigurationPlatforms) = preSolution
		DebugGame Client|Win64 = DebugGame Client|Win64
		DebugGame Editor|Win64 = DebugGame Editor|Win64
		DebugGame Server|Win64 = DebugGame Server|Win64
		DebugGame|Win64 = DebugGame|Win64
		Development Client|Win64 = Development Client|Win64
		Development Editor|Win64 = Development Editor|Win64
		Development Server|Win64 = Development Server|Win64
		Development|Win64 = Development|Win64
		Shipping Client|Win64 = Shipping Client|Win64
		Shipping Server|Win64 = Shipping Server|Win64
		Shipping|Win64 = Shipping|Win64
	EndGlobalSection
	# Visual Assist Section
	GlobalSection(44630d46-96b5-488c-8df926e21db8c1a3) = preSolution
		ueSolution=true
	EndGlobalSection
	GlobalSection(ProjectConfigurationPlatforms) = postSolution
		{BDB5ECB9-3D03-4121-BF44-07B86E6223B8}.DebugGame Client|Win64.ActiveCfg = BuiltWithUnrealBuildTool|Win32
		{BDB5ECB9-3D03-4121-BF44-07B86E6223B8}.DebugGame Editor|Win64.ActiveCfg = BuiltWithUnrealBuildTool|Win32
		{BDB5ECB9-3D03-4121-BF44-07B86E6223B8}.DebugGame Server|Win64.ActiveCfg = BuiltWithUnrealBuildTool|Win32
		{BDB5ECB9-3D03-4121-BF44-07B86E6223B8}.DebugGame|Win64.ActiveCfg = BuiltWithUnrealBuildTool|Win32
		{BDB5ECB9-3D03-4121-BF44-07B86E6223B8}.Development Client|Win64.ActiveCfg = BuiltWithUnrealBuildTool|Win32
		{BDB5ECB9-3D03-4121-BF44-07B86E6223B8}.Development Editor|Win64.ActiveCfg = BuiltWithUnrealBuildTool|Win32
		{BDB5ECB9-3D03-4121-BF44-07B86E6223B8}.Development Server|Win64.ActiveCfg = BuiltWithUnrealBuildTool|Win32
		{BDB5ECB9-3D03-4121-BF44-07B86E6223B8}.Development|Win64.ActiveCfg = BuiltWithUnrealBuildTool|Win32
		{BDB5ECB9-3D03-4121-BF44-07B86E6223B8}.Shipping Client|Win64.ActiveCfg = BuiltWithUnrealBuildTool|Win32
		{BDB5ECB9-3D03-4121-BF44-07B86E6223B8}.Shipping Server|Win64.ActiveCfg = BuiltWithUnrealBuildTool|Win32
		{BDB5ECB9-3D03-4121-BF44-07B86E6223B8}.Shipping|Win64.ActiveCfg = BuiltWithUnrealBuildTool|Win32
		{37335CC9-BE1A-48A7-80E4-B83F10C8F962}.DebugGame Client|Win64.ActiveCfg = DebugGame_Client|x64
		{37335CC9-BE1A-48A7-80E4-B83F10C8F962}.DebugGame Client|Win64.Build.0 = DebugGame_Client|x64
		{37335CC9-BE1A-48A7-80E4-B83F10C8F962}.DebugGame Editor|Win64.ActiveCfg = DebugGame_Editor|x64
		{37335CC9-BE1A-48A7-80E4-B83F10C8F962}.DebugGame Editor|Win64.Build.0 = DebugGame_Editor|x64
		{37335CC9-BE1A-48A7-80E4-B83F10C8F962}.DebugGame Server|Win64.ActiveCfg = DebugGame_Server|x64
		{37335CC9-BE1A-48A7-80E4-B83F10C8F962}.DebugGame Server|Win64.Build.0 = DebugGame_Server|x64
		{37335CC9-BE1A-48A7-80E4-B83F10C8F962}.DebugGame|Win64.ActiveCfg = DebugGame|x64
		{37335CC9-BE1A-48A7-80E4-B83F10C8F962}.DebugGame|Win64.Build.0 = DebugGame|x64
		{37335CC9-BE1A-48A7-80E4-B83F10C8F962}.Development Client|Win64.ActiveCfg = Development_Client|x64
		{37335CC9-BE1A-48A7-80E4-B83F10C8F962}.Development Client|Win64.Build.0 = Development_Client|x64
		{37335CC9-BE1A-48A7-80E4-B83F10C8F962}.Development Editor|Win64.ActiveCfg = Development_Editor|x64
		{37335CC9-BE1A-48A7-80E4-B83F10C8F962}.Development Editor|Win64.Build.0 = Development_Editor|x64
		{37335CC9-BE1A-48A7-80E4-B83F10C8F962}.Development Server|Win64.ActiveCfg = Development_Server|x64
		{37335CC9-BE1A-48A7-80E4-B83F10C8F962}.Development Server|Win64.Build.0 = Development_Server|x64
		{37335CC9-BE1A-48A7-80E4-B83F10C8F962}.Development|Win64.ActiveCfg = Development|x64
		{37335CC9-BE1A-48A7-80E4-B83F10C8F962}.Development|Win64.Build.0 = Development|x64
		{37335CC9-BE1A-48A7-80E4-B83F10C8F962}.Shipping Client|Win64.ActiveCfg = Shipping_Client|x64
		{37335CC9-BE1A-48A7-80E4-B83F10C8F962}.Shipping Client|Win64.Build.0 = Shipping_Client|x64
		{37335CC9-BE1A-48A7-80E4-B83F10C8F962}.Shipping Server|Win64.ActiveCfg = Shipping_Server|x64
		{37335CC9-BE1A-48A7-80E4-B83F10C8F962}.Shipping Server|Win64.Build.0 = Shipping_Server|x64
		{37335CC9-BE1A-48A7-80E4-B83F10C8F962}.Shipping|Win64.ActiveCfg = Shipping|x64
		{37335CC9-BE1A-48A7-80E4-B83F10C8F962}.Shipping|Win64.Build.0 = Shipping|x64
	EndGlobalSection
	GlobalSection(SolutionProperties) = preSolution
		HideSolutionNode = FALSE
	EndGlobalSection
	GlobalSection(NestedProjects) = preSolution
		{BDB5ECB9-3D03-4121-BF44-07B86E6223B8} = {94A6C6F3-99B3-346E-9557-ABF9D4064DBD}
		{37335CC9-BE1A-48A7-80E4-B83F10C8F962} = {8E2F6A87-1826-34F4-940C-CC23A48F9FE4}
	EndGlobalSection
EndGlobal
